
Microsoft Visual Studio Solution File, Format Version 12.00
# Visual Studio 2012
Project("{FAE04EC0-301F-11D3-BF4B-00C04F79EFBC}") = "How.To.Use.TheHttpClient", "How.To.Use.HttpClient\How.To.Use.TheHttpClient.csproj", "{6E999BE0-AFA2-4205-AD27-DB7EEC0C7345}"
EndProject
Project("{2150E333-8FDC-42A3-9474-1A3956D46DE8}") = ".nuget", ".nuget", "{127EC07D-1A92-4E15-B24E-0395FA256E03}"
	ProjectSection(SolutionItems) = preProject
		.nuget\packages.config = .nuget\packages.config
	EndProjectSection
EndProject
Global
	GlobalSection(SolutionConfigurationPlatforms) = preSolution
		Debug|Any CPU = Debug|Any CPU
		Release|Any CPU = Release|Any CPU
	EndGlobalSection
	GlobalSection(ProjectConfigurationPlatforms) = postSolution
		{6E999BE0-AFA2-4205-AD27-DB7EEC0C7345}.Debug|Any CPU.ActiveCfg = Debug|Any CPU
		{6E999BE0-AFA2-4205-AD27-DB7EEC0C7345}.Debug|Any CPU.Build.0 = Debug|Any CPU
		{6E999BE0-AFA2-4205-AD27-DB7EEC0C7345}.Release|Any CPU.ActiveCfg = Release|Any CPU
		{6E999BE0-AFA2-4205-AD27-DB7EEC0C7345}.Release|Any CPU.Build.0 = Release|Any CPU
	EndGlobalSection
	GlobalSection(SolutionProperties) = preSolution
		HideSolutionNode = FALSE
	EndGlobalSection
EndGlobal
